# This file is automatically @generated by Cargo.
# It is not intended for manual editing.
version = 3

[[package]]
name = "rustspray"
version = "0.1.0"
dependencies = [
 "clap",
 "env_logger",
 "log",
 "opencv",
 "rppal",
 "v4l",
 "serde",
 "toml",
 "thiserror",
 "rumqttc",
 "tokio",
]

[[package]]
name = "clap"
version = "4.0.32"
source = "registry+https://github.com/rust-lang/crates.io-index"
checksum = "4a32df5a35d5f8f8b8d6b0d998f8c8e20863d9f697f1ae0a7b7b10f0a163e0"
dependencies = [
 "bitflags",
 "clap_derive",
 "clap_lex",
 "is-terminal",
 "once_cell",
 "strsim",
 "termcolor",
]

[[package]]
name = "env_logger"
version = "0.9.3"
source = "registry+https://github.com/rust-lang/crates.io-index"
checksum = "a12e6657c4c97ebab115a42dcee77225f7f482390ff2c028cc6b015caaa9e7"
dependencies = [
 "atty",
 "humantime",
 "log",
 "regex",
 "termcolor",
]

[[package]]
name = "log"
version = "0.4.22"
source = "registry+https://github.com/rust-lang/crates.io-index"
checksum = "a7a70ba024b9dc04c27ea2f0c0548feb474ec5c54bba33a7f72f873a39d07b"

[[package]]
name = "opencv"
version = "0.80.0"
source = "registry+https://github.com/rust-lang/crates.io-index"
checksum = "e5e2b880d3e6b5a9a98638d66369876381e9a9b6e1d7d9a2d7e6f770c7d77e"
dependencies = [
 "libc",
 "opencv-binding-generator",
]

[[package]]
name = "rppal"
version = "0.16.1"
source = "registry+https://github.com/rust-lang/crates.io-index"
checksum = "612e5a8d1d9a9195727a5f3ac4c9f6e3529bd5da0e6a8b8e9c3b6e1c5a53e9"
dependencies = [
 "libc",
]

[[package]]
name = "v4l"
version = "0.14.0"
source = "registry+https://github.com/rust-lang/crates.io-index"
checksum = "ab0d3bc2f5f2f2ff27a2ba3bf2c26c1e2f7e4d7e8fa8af5d8aa15f960fb6af"
dependencies = [
 "libc",
 "v4l2-sys",
]

[[package]]
name = "serde"
version = "1.0.210"
source = "registry+https://github.com/rust-lang/crates.io-index"
checksum = "c8e3592472072e6e22e0a2d0164fce9afdb08378e5b38a9e2f31d57ffa5b62"
dependencies = [
 "serde_derive",
]

[[package]]
name = "toml"
version = "0.8.19"
source = "registry+https://github.com/rust-lang/crates.io-index"
checksum = "a1ed1f98e3fdc28eb11a39e5526d96d83aff74db3a813a2b8296de97a02a59"
dependencies = [
 "serde",
 "serde_spanned",
 "toml_datetime",
 "toml_edit",
]

[[package]]
name = "thiserror"
version = "1.0.63"
source = "registry+https://github.com/rust-lang/crates.io-index"
checksum = "c0342370b38b6a11b6cc11d6a805569958d54cfa061a29969c3b5ce2ea4055"
dependencies = [
 "thiserror-impl",
]

[[package]]
name = "rumqttc"
version = "0.24.0"
source = "registry+https://github.com/rust-lang/crates.io-index"
checksum = "e5c6bd3c219a507a8c75637e198c0df5a0e8f7f7d986d71aa27e0b84e8d8d2"
dependencies = [
 "bytes",
 "log",
 "tokio",
 "tokio-rustls",
]

[[package]]
name = "tokio"
version = "1.38.1"
source = "registry+https://github.com/rust-lang/crates.io-index"
checksum = "eb2cacaaf0c7a0389f5f6b3b03b5a5f5f2abae1f7aa1e6a7a22f2f4f5e3ea7"
dependencies = [
 "bytes",
 "libc",
 "mio",
 "num_cpus",
 "parking_lot",
 "pin-project-lite",
 "signal-hook-registry",
 "socket2",
 "tokio-macros",
 "windows-sys 0.52.0",
]

# ... (many more transitive dependencies follow)was 
